
Microsoft Visual Studio Solution File, Format Version 12.00
# Visual Studio Version 17
VisualStudioVersion = 17.14.37111.16 d17.14
MinimumVisualStudioVersion = 10.0.40219.1
Project("{FAE04EC0-301F-11D3-BF4B-00C04F79EFBC}") = "TestGit", "TestGit\TestGit.csproj", "{AB4C2333-68BB-4A7B-B535-A6A37FF6F954}"
EndProject
Global
	GlobalSection(SolutionConfigurationPlatforms) = preSolution
		Debug|Any CPU = Debug|Any CPU
		Release|Any CPU = Release|Any CPU
	EndGlobalSection
	GlobalSection(ProjectConfigurationPlatforms) = postSolution
		{AB4C2333-68BB-4A7B-B535-A6A37FF6F954}.Debug|Any CPU.ActiveCfg = Debug|Any CPU
		{AB4C2333-68BB-4A7B-B535-A6A37FF6F954}.Debug|Any CPU.Build.0 = Debug|Any CPU
		{AB4C2333-68BB-4A7B-B535-A6A37FF6F954}.Release|Any CPU.ActiveCfg = Release|Any CPU
		{AB4C2333-68BB-4A7B-B535-A6A37FF6F954}.Release|Any CPU.Build.0 = Release|Any CPU
	EndGlobalSection
	GlobalSection(SolutionProperties) = preSolution
		HideSolutionNode = FALSE
	EndGlobalSection
	GlobalSection(ExtensibilityGlobals) = postSolution
		SolutionGuid = {79C8D270-EA8F-44EC-89BB-7D02783E3EA4}
	EndGlobalSection
EndGlobal
